// !$*UTF8*$!
{
	archiveVersion = 1;
	classes = {
	};
	objectVersion = 56;
	objects = {

/* Begin PBXBuildFile section */
		F084FF012ACA2B5D00EAA963 /* portfolioApp.swift in Sources */ = {isa = PBXBuildFile; fileRef = F084FF002ACA2B5D00EAA963 /* portfolioApp.swift */; };
		F084FF032ACA2B5D00EAA963 /* FeedView.swift in Sources */ = {isa = PBXBuildFile; fileRef = F084FF022ACA2B5D00EAA963 /* FeedView.swift */; };
		F084FF052ACA2B5F00EAA963 /* Assets.xcassets in Resources */ = {isa = PBXBuildFile; fileRef = F084FF042ACA2B5F00EAA963 /* Assets.xcassets */; };
		F084FF082ACA2B5F00EAA963 /* Preview Assets.xcassets in Resources */ = {isa = PBXBuildFile; fileRef = F084FF072ACA2B5F00EAA963 /* Preview Assets.xcassets */; };
		F084FF112ACA2D9200EAA963 /* FeedItemView.swift in Sources */ = {isa = PBXBuildFile; fileRef = F084FF102ACA2D9200EAA963 /* FeedItemView.swift */; };
		F084FF142ACA2E6600EAA963 /* Kingfisher in Frameworks */ = {isa = PBXBuildFile; productRef = F084FF132ACA2E6600EAA963 /* Kingfisher */; };
		F084FF1B2ACA3A7800EAA963 /* RootView.swift in Sources */ = {isa = PBXBuildFile; fileRef = F084FF1A2ACA3A7800EAA963 /* RootView.swift */; };
		F084FF1D2ACA3A8A00EAA963 /* TabBarView.swift in Sources */ = {isa = PBXBuildFile; fileRef = F084FF1C2ACA3A8A00EAA963 /* TabBarView.swift */; };
		F084FF1F2ACA867D00EAA963 /* EditProfileView.swift in Sources */ = {isa = PBXBuildFile; fileRef = F084FF1E2ACA867D00EAA963 /* EditProfileView.swift */; };
		F084FF212ACA869500EAA963 /* EditProfileViewModel.swift in Sources */ = {isa = PBXBuildFile; fileRef = F084FF202ACA869500EAA963 /* EditProfileViewModel.swift */; };
		F084FF242ACA870700EAA963 /* DBUser.swift in Sources */ = {isa = PBXBuildFile; fileRef = F084FF232ACA870700EAA963 /* DBUser.swift */; };
		F084FF262ACA8E0E00EAA963 /* ProfileFactory.swift in Sources */ = {isa = PBXBuildFile; fileRef = F084FF252ACA8E0E00EAA963 /* ProfileFactory.swift */; };
		F084FF282ACA8E2B00EAA963 /* UserProfileView.swift in Sources */ = {isa = PBXBuildFile; fileRef = F084FF272ACA8E2B00EAA963 /* UserProfileView.swift */; };
		F084FF2A2ACA8E4300EAA963 /* UserProfileViewModel.swift in Sources */ = {isa = PBXBuildFile; fileRef = F084FF292ACA8E4300EAA963 /* UserProfileViewModel.swift */; };
		F084FF2D2ACA8EE600EAA963 /* ProfileHeaderView.swift in Sources */ = {isa = PBXBuildFile; fileRef = F084FF2C2ACA8EE600EAA963 /* ProfileHeaderView.swift */; };
		F084FF2F2ACA8F1300EAA963 /* ProfileStatsView.swift in Sources */ = {isa = PBXBuildFile; fileRef = F084FF2E2ACA8F1300EAA963 /* ProfileStatsView.swift */; };
		F084FF322ACA8F6200EAA963 /* CircularProfileImageView.swift in Sources */ = {isa = PBXBuildFile; fileRef = F084FF312ACA8F6200EAA963 /* CircularProfileImageView.swift */; };
		F084FF342ACA904D00EAA963 /* ProfileView.swift in Sources */ = {isa = PBXBuildFile; fileRef = F084FF332ACA904D00EAA963 /* ProfileView.swift */; };
		F084FF362ACA907300EAA963 /* ProfileViewModel.swift in Sources */ = {isa = PBXBuildFile; fileRef = F084FF352ACA907300EAA963 /* ProfileViewModel.swift */; };
		F084FF3E2ACA935A00EAA963 /* LoginView.swift in Sources */ = {isa = PBXBuildFile; fileRef = F084FF3D2ACA935A00EAA963 /* LoginView.swift */; };
		F084FF402ACA938A00EAA963 /* TextFieldModifier.swift in Sources */ = {isa = PBXBuildFile; fileRef = F084FF3F2ACA938A00EAA963 /* TextFieldModifier.swift */; };
		F084FF422ACA93AC00EAA963 /* LoginViewModel.swift in Sources */ = {isa = PBXBuildFile; fileRef = F084FF412ACA93AC00EAA963 /* LoginViewModel.swift */; };
		F084FF442ACA93C700EAA963 /* RegisterView.swift in Sources */ = {isa = PBXBuildFile; fileRef = F084FF432ACA93C700EAA963 /* RegisterView.swift */; };
		F084FF462ACA93CE00EAA963 /* RegisterViewModel.swift in Sources */ = {isa = PBXBuildFile; fileRef = F084FF452ACA93CE00EAA963 /* RegisterViewModel.swift */; };
		F084FF492ACA982A00EAA963 /* FirebaseAnalytics in Frameworks */ = {isa = PBXBuildFile; productRef = F084FF482ACA982A00EAA963 /* FirebaseAnalytics */; };
		F084FF4B2ACA982A00EAA963 /* FirebaseAnalyticsOnDeviceConversion in Frameworks */ = {isa = PBXBuildFile; productRef = F084FF4A2ACA982A00EAA963 /* FirebaseAnalyticsOnDeviceConversion */; };
		F084FF4D2ACA982A00EAA963 /* FirebaseAnalyticsSwift in Frameworks */ = {isa = PBXBuildFile; productRef = F084FF4C2ACA982A00EAA963 /* FirebaseAnalyticsSwift */; };
		F084FF4F2ACA982A00EAA963 /* FirebaseAnalyticsWithoutAdIdSupport in Frameworks */ = {isa = PBXBuildFile; productRef = F084FF4E2ACA982A00EAA963 /* FirebaseAnalyticsWithoutAdIdSupport */; };
		F084FF532ACA986700EAA963 /* GoogleService-Info.plist in Resources */ = {isa = PBXBuildFile; fileRef = F084FF522ACA986700EAA963 /* GoogleService-Info.plist */; };
		F084FF552ACA98A100EAA963 /* AuthenticationManager.swift in Sources */ = {isa = PBXBuildFile; fileRef = F084FF542ACA98A100EAA963 /* AuthenticationManager.swift */; };
		F084FF582ACA993100EAA963 /* FirebaseAuth in Frameworks */ = {isa = PBXBuildFile; productRef = F084FF572ACA993100EAA963 /* FirebaseAuth */; };
		F084FF5B2ACAA3E000EAA963 /* ForgotView.swift in Sources */ = {isa = PBXBuildFile; fileRef = F084FF5A2ACAA3E000EAA963 /* ForgotView.swift */; };
		F084FF5D2ACAA3F900EAA963 /* ForgotViewModel.swift in Sources */ = {isa = PBXBuildFile; fileRef = F084FF5C2ACAA3F900EAA963 /* ForgotViewModel.swift */; };
		F084FF5F2ACAA6B900EAA963 /* UpdatePasswordView.swift in Sources */ = {isa = PBXBuildFile; fileRef = F084FF5E2ACAA6B900EAA963 /* UpdatePasswordView.swift */; };
/* End PBXBuildFile section */

/* Begin PBXFileReference section */
		F084FEFD2ACA2B5D00EAA963 /* portfolio.app */ = {isa = PBXFileReference; explicitFileType = wrapper.application; includeInIndex = 0; path = portfolio.app; sourceTree = BUILT_PRODUCTS_DIR; };
		F084FF002ACA2B5D00EAA963 /* portfolioApp.swift */ = {isa = PBXFileReference; lastKnownFileType = sourcecode.swift; path = portfolioApp.swift; sourceTree = "<group>"; };
		F084FF022ACA2B5D00EAA963 /* FeedView.swift */ = {isa = PBXFileReference; lastKnownFileType = sourcecode.swift; path = FeedView.swift; sourceTree = "<group>"; };
		F084FF042ACA2B5F00EAA963 /* Assets.xcassets */ = {isa = PBXFileReference; lastKnownFileType = folder.assetcatalog; path = Assets.xcassets; sourceTree = "<group>"; };
		F084FF072ACA2B5F00EAA963 /* Preview Assets.xcassets */ = {isa = PBXFileReference; lastKnownFileType = folder.assetcatalog; path = "Preview Assets.xcassets"; sourceTree = "<group>"; };
		F084FF102ACA2D9200EAA963 /* FeedItemView.swift */ = {isa = PBXFileReference; lastKnownFileType = sourcecode.swift; path = FeedItemView.swift; sourceTree = "<group>"; };
		F084FF1A2ACA3A7800EAA963 /* RootView.swift */ = {isa = PBXFileReference; lastKnownFileType = sourcecode.swift; path = RootView.swift; sourceTree = "<group>"; };
		F084FF1C2ACA3A8A00EAA963 /* TabBarView.swift */ = {isa = PBXFileReference; lastKnownFileType = sourcecode.swift; path = TabBarView.swift; sourceTree = "<group>"; };
		F084FF1E2ACA867D00EAA963 /* EditProfileView.swift */ = {isa = PBXFileReference; lastKnownFileType = sourcecode.swift; path = EditProfileView.swift; sourceTree = "<group>"; };
		F084FF202ACA869500EAA963 /* EditProfileViewModel.swift */ = {isa = PBXFileReference; lastKnownFileType = sourcecode.swift; path = EditProfileViewModel.swift; sourceTree = "<group>"; };
		F084FF232ACA870700EAA963 /* DBUser.swift */ = {isa = PBXFileReference; lastKnownFileType = sourcecode.swift; path = DBUser.swift; sourceTree = "<group>"; };
		F084FF252ACA8E0E00EAA963 /* ProfileFactory.swift */ = {isa = PBXFileReference; lastKnownFileType = sourcecode.swift; path = ProfileFactory.swift; sourceTree = "<group>"; };
		F084FF272ACA8E2B00EAA963 /* UserProfileView.swift */ = {isa = PBXFileReference; lastKnownFileType = sourcecode.swift; path = UserProfileView.swift; sourceTree = "<group>"; };
		F084FF292ACA8E4300EAA963 /* UserProfileViewModel.swift */ = {isa = PBXFileReference; lastKnownFileType = sourcecode.swift; path = UserProfileViewModel.swift; sourceTree = "<group>"; };
		F084FF2C2ACA8EE600EAA963 /* ProfileHeaderView.swift */ = {isa = PBXFileReference; lastKnownFileType = sourcecode.swift; path = ProfileHeaderView.swift; sourceTree = "<group>"; };
		F084FF2E2ACA8F1300EAA963 /* ProfileStatsView.swift */ = {isa = PBXFileReference; lastKnownFileType = sourcecode.swift; path = ProfileStatsView.swift; sourceTree = "<group>"; };
		F084FF312ACA8F6200EAA963 /* CircularProfileImageView.swift */ = {isa = PBXFileReference; lastKnownFileType = sourcecode.swift; path = CircularProfileImageView.swift; sourceTree = "<group>"; };
		F084FF332ACA904D00EAA963 /* ProfileView.swift */ = {isa = PBXFileReference; lastKnownFileType = sourcecode.swift; path = ProfileView.swift; sourceTree = "<group>"; };
		F084FF352ACA907300EAA963 /* ProfileViewModel.swift */ = {isa = PBXFileReference; lastKnownFileType = sourcecode.swift; path = ProfileViewModel.swift; sourceTree = "<group>"; };
		F084FF3D2ACA935A00EAA963 /* LoginView.swift */ = {isa = PBXFileReference; lastKnownFileType = sourcecode.swift; path = LoginView.swift; sourceTree = "<group>"; };
		F084FF3F2ACA938A00EAA963 /* TextFieldModifier.swift */ = {isa = PBXFileReference; lastKnownFileType = sourcecode.swift; path = TextFieldModifier.swift; sourceTree = "<group>"; };
		F084FF412ACA93AC00EAA963 /* LoginViewModel.swift */ = {isa = PBXFileReference; lastKnownFileType = sourcecode.swift; path = LoginViewModel.swift; sourceTree = "<group>"; };
		F084FF432ACA93C700EAA963 /* RegisterView.swift */ = {isa = PBXFileReference; lastKnownFileType = sourcecode.swift; path = RegisterView.swift; sourceTree = "<group>"; };
		F084FF452ACA93CE00EAA963 /* RegisterViewModel.swift */ = {isa = PBXFileReference; lastKnownFileType = sourcecode.swift; path = RegisterViewModel.swift; sourceTree = "<group>"; };
		F084FF522ACA986700EAA963 /* GoogleService-Info.plist */ = {isa = PBXFileReference; fileEncoding = 4; lastKnownFileType = text.plist.xml; path = "GoogleService-Info.plist"; sourceTree = "<group>"; };
		F084FF542ACA98A100EAA963 /* AuthenticationManager.swift */ = {isa = PBXFileReference; lastKnownFileType = sourcecode.swift; path = AuthenticationManager.swift; sourceTree = "<group>"; };
		F084FF5A2ACAA3E000EAA963 /* ForgotView.swift */ = {isa = PBXFileReference; lastKnownFileType = sourcecode.swift; path = ForgotView.swift; sourceTree = "<group>"; };
		F084FF5C2ACAA3F900EAA963 /* ForgotViewModel.swift */ = {isa = PBXFileReference; lastKnownFileType = sourcecode.swift; path = ForgotViewModel.swift; sourceTree = "<group>"; };
		F084FF5E2ACAA6B900EAA963 /* UpdatePasswordView.swift */ = {isa = PBXFileReference; lastKnownFileType = sourcecode.swift; path = UpdatePasswordView.swift; sourceTree = "<group>"; };
/* End PBXFileReference section */

/* Begin PBXFrameworksBuildPhase section */
		F084FEFA2ACA2B5D00EAA963 /* Frameworks */ = {
			isa = PBXFrameworksBuildPhase;
			buildActionMask = 2147483647;
			files = (
				F084FF4D2ACA982A00EAA963 /* FirebaseAnalyticsSwift in Frameworks */,
				F084FF4F2ACA982A00EAA963 /* FirebaseAnalyticsWithoutAdIdSupport in Frameworks */,
				F084FF492ACA982A00EAA963 /* FirebaseAnalytics in Frameworks */,
				F084FF4B2ACA982A00EAA963 /* FirebaseAnalyticsOnDeviceConversion in Frameworks */,
				F084FF582ACA993100EAA963 /* FirebaseAuth in Frameworks */,
				F084FF142ACA2E6600EAA963 /* Kingfisher in Frameworks */,
			);
			runOnlyForDeploymentPostprocessing = 0;
		};
/* End PBXFrameworksBuildPhase section */

/* Begin PBXGroup section */
		F084FEF42ACA2B5D00EAA963 = {
			isa = PBXGroup;
			children = (
				F084FEFF2ACA2B5D00EAA963 /* portfolio */,
				F084FEFE2ACA2B5D00EAA963 /* Products */,
				F084FF562ACA993100EAA963 /* Frameworks */,
			);
			sourceTree = "<group>";
		};
		F084FEFE2ACA2B5D00EAA963 /* Products */ = {
			isa = PBXGroup;
			children = (
				F084FEFD2ACA2B5D00EAA963 /* portfolio.app */,
			);
			name = Products;
			sourceTree = "<group>";
		};
		F084FEFF2ACA2B5D00EAA963 /* portfolio */ = {
			isa = PBXGroup;
			children = (
				F084FF002ACA2B5D00EAA963 /* portfolioApp.swift */,
				F084FF3C2ACA933600EAA963 /* Managers */,
				F084FF0E2ACA2BCD00EAA963 /* Core */,
				F084FF042ACA2B5F00EAA963 /* Assets.xcassets */,
				F084FF522ACA986700EAA963 /* GoogleService-Info.plist */,
				F084FF062ACA2B5F00EAA963 /* Preview Content */,
			);
			path = portfolio;
			sourceTree = "<group>";
		};
		F084FF062ACA2B5F00EAA963 /* Preview Content */ = {
			isa = PBXGroup;
			children = (
				F084FF072ACA2B5F00EAA963 /* Preview Assets.xcassets */,
			);
			path = "Preview Content";
			sourceTree = "<group>";
		};
		F084FF0E2ACA2BCD00EAA963 /* Core */ = {
			isa = PBXGroup;
			children = (
				F084FF372ACA930900EAA963 /* Authentication */,
				F084FF302ACA8F3800EAA963 /* Components */,
				F084FF222ACA870100EAA963 /* Model */,
				F084FF192ACA3A6C00EAA963 /* Root */,
				F084FF182ACA3A6700EAA963 /* Tabbar */,
				F084FF172ACA3A6100EAA963 /* Search */,
				F084FF162ACA3A5A00EAA963 /* Project */,
				F084FF152ACA3A4F00EAA963 /* Profile */,
				F084FF0F2ACA2BD100EAA963 /* Feed */,
			);
			path = Core;
			sourceTree = "<group>";
		};
		F084FF0F2ACA2BD100EAA963 /* Feed */ = {
			isa = PBXGroup;
			children = (
				F084FF022ACA2B5D00EAA963 /* FeedView.swift */,
				F084FF102ACA2D9200EAA963 /* FeedItemView.swift */,
			);
			path = Feed;
			sourceTree = "<group>";
		};
		F084FF152ACA3A4F00EAA963 /* Profile */ = {
			isa = PBXGroup;
			children = (
				F084FF252ACA8E0E00EAA963 /* ProfileFactory.swift */,
				F084FF332ACA904D00EAA963 /* ProfileView.swift */,
				F084FF352ACA907300EAA963 /* ProfileViewModel.swift */,
				F084FF272ACA8E2B00EAA963 /* UserProfileView.swift */,
				F084FF292ACA8E4300EAA963 /* UserProfileViewModel.swift */,
				F084FF1E2ACA867D00EAA963 /* EditProfileView.swift */,
				F084FF202ACA869500EAA963 /* EditProfileViewModel.swift */,
				F084FF2B2ACA8ED500EAA963 /* SubViews */,
			);
			path = Profile;
			sourceTree = "<group>";
		};
		F084FF162ACA3A5A00EAA963 /* Project */ = {
			isa = PBXGroup;
			children = (
			);
			path = Project;
			sourceTree = "<group>";
		};
		F084FF172ACA3A6100EAA963 /* Search */ = {
			isa = PBXGroup;
			children = (
			);
			path = Search;
			sourceTree = "<group>";
		};
		F084FF182ACA3A6700EAA963 /* Tabbar */ = {
			isa = PBXGroup;
			children = (
				F084FF1C2ACA3A8A00EAA963 /* TabBarView.swift */,
			);
			path = Tabbar;
			sourceTree = "<group>";
		};
		F084FF192ACA3A6C00EAA963 /* Root */ = {
			isa = PBXGroup;
			children = (
				F084FF1A2ACA3A7800EAA963 /* RootView.swift */,
			);
			path = Root;
			sourceTree = "<group>";
		};
		F084FF222ACA870100EAA963 /* Model */ = {
			isa = PBXGroup;
			children = (
				F084FF232ACA870700EAA963 /* DBUser.swift */,
			);
			path = Model;
			sourceTree = "<group>";
		};
		F084FF2B2ACA8ED500EAA963 /* SubViews */ = {
			isa = PBXGroup;
			children = (
				F084FF2C2ACA8EE600EAA963 /* ProfileHeaderView.swift */,
				F084FF5E2ACAA6B900EAA963 /* UpdatePasswordView.swift */,
				F084FF2E2ACA8F1300EAA963 /* ProfileStatsView.swift */,
			);
			path = SubViews;
			sourceTree = "<group>";
		};
		F084FF302ACA8F3800EAA963 /* Components */ = {
			isa = PBXGroup;
			children = (
				F084FF312ACA8F6200EAA963 /* CircularProfileImageView.swift */,
				F084FF3F2ACA938A00EAA963 /* TextFieldModifier.swift */,
			);
			path = Components;
			sourceTree = "<group>";
		};
		F084FF372ACA930900EAA963 /* Authentication */ = {
			isa = PBXGroup;
			children = (
				F084FF592ACAA39600EAA963 /* Forgot */,
				F084FF392ACA931900EAA963 /* Register */,
				F084FF382ACA931200EAA963 /* Login */,
			);
			path = Authentication;
			sourceTree = "<group>";
		};
		F084FF382ACA931200EAA963 /* Login */ = {
			isa = PBXGroup;
			children = (
				F084FF3D2ACA935A00EAA963 /* LoginView.swift */,
				F084FF412ACA93AC00EAA963 /* LoginViewModel.swift */,
			);
			path = Login;
			sourceTree = "<group>";
		};
		F084FF392ACA931900EAA963 /* Register */ = {
			isa = PBXGroup;
			children = (
				F084FF432ACA93C700EAA963 /* RegisterView.swift */,
				F084FF452ACA93CE00EAA963 /* RegisterViewModel.swift */,
			);
			path = Register;
			sourceTree = "<group>";
		};
		F084FF3C2ACA933600EAA963 /* Managers */ = {
			isa = PBXGroup;
			children = (
				F084FF542ACA98A100EAA963 /* AuthenticationManager.swift */,
			);
			path = Managers;
			sourceTree = "<group>";
		};
		F084FF562ACA993100EAA963 /* Frameworks */ = {
			isa = PBXGroup;
			children = (
			);
			name = Frameworks;
			sourceTree = "<group>";
		};
		F084FF592ACAA39600EAA963 /* Forgot */ = {
			isa = PBXGroup;
			children = (
				F084FF5A2ACAA3E000EAA963 /* ForgotView.swift */,
				F084FF5C2ACAA3F900EAA963 /* ForgotViewModel.swift */,
			);
			path = Forgot;
			sourceTree = "<group>";
		};
/* End PBXGroup section */

/* Begin PBXNativeTarget section */
		F084FEFC2ACA2B5D00EAA963 /* portfolio */ = {
			isa = PBXNativeTarget;
			buildConfigurationList = F084FF0B2ACA2B5F00EAA963 /* Build configuration list for PBXNativeTarget "portfolio" */;
			buildPhases = (
				F084FEF92ACA2B5D00EAA963 /* Sources */,
				F084FEFA2ACA2B5D00EAA963 /* Frameworks */,
				F084FEFB2ACA2B5D00EAA963 /* Resources */,
			);
			buildRules = (
			);
			dependencies = (
			);
			name = portfolio;
			packageProductDependencies = (
				F084FF132ACA2E6600EAA963 /* Kingfisher */,
				F084FF482ACA982A00EAA963 /* FirebaseAnalytics */,
				F084FF4A2ACA982A00EAA963 /* FirebaseAnalyticsOnDeviceConversion */,
				F084FF4C2ACA982A00EAA963 /* FirebaseAnalyticsSwift */,
				F084FF4E2ACA982A00EAA963 /* FirebaseAnalyticsWithoutAdIdSupport */,
				F084FF572ACA993100EAA963 /* FirebaseAuth */,
			);
			productName = portfolio;
			productReference = F084FEFD2ACA2B5D00EAA963 /* portfolio.app */;
			productType = "com.apple.product-type.application";
		};
/* End PBXNativeTarget section */

/* Begin PBXProject section */
		F084FEF52ACA2B5D00EAA963 /* Project object */ = {
			isa = PBXProject;
			attributes = {
				BuildIndependentTargetsInParallel = 1;
				LastSwiftUpdateCheck = 1500;
				LastUpgradeCheck = 1500;
				TargetAttributes = {
					F084FEFC2ACA2B5D00EAA963 = {
						CreatedOnToolsVersion = 15.0;
					};
				};
			};
			buildConfigurationList = F084FEF82ACA2B5D00EAA963 /* Build configuration list for PBXProject "portfolio" */;
			compatibilityVersion = "Xcode 14.0";
			developmentRegion = en;
			hasScannedForEncodings = 0;
			knownRegions = (
				en,
				Base,
			);
			mainGroup = F084FEF42ACA2B5D00EAA963;
			packageReferences = (
				F084FF122ACA2E6600EAA963 /* XCRemoteSwiftPackageReference "Kingfisher" */,
				F084FF472ACA982A00EAA963 /* XCRemoteSwiftPackageReference "firebase-ios-sdk" */,
			);
			productRefGroup = F084FEFE2ACA2B5D00EAA963 /* Products */;
			projectDirPath = "";
			projectRoot = "";
			targets = (
				F084FEFC2ACA2B5D00EAA963 /* portfolio */,
			);
		};
/* End PBXProject section */

/* Begin PBXResourcesBuildPhase section */
		F084FEFB2ACA2B5D00EAA963 /* Resources */ = {
			isa = PBXResourcesBuildPhase;
			buildActionMask = 2147483647;
			files = (
				F084FF082ACA2B5F00EAA963 /* Preview Assets.xcassets in Resources */,
				F084FF052ACA2B5F00EAA963 /* Assets.xcassets in Resources */,
				F084FF532ACA986700EAA963 /* GoogleService-Info.plist in Resources */,
			);
			runOnlyForDeploymentPostprocessing = 0;
		};
/* End PBXResourcesBuildPhase section */

/* Begin PBXSourcesBuildPhase section */
		F084FEF92ACA2B5D00EAA963 /* Sources */ = {
			isa = PBXSourcesBuildPhase;
			buildActionMask = 2147483647;
			files = (
				F084FF1F2ACA867D00EAA963 /* EditProfileView.swift in Sources */,
				F084FF5B2ACAA3E000EAA963 /* ForgotView.swift in Sources */,
				F084FF442ACA93C700EAA963 /* RegisterView.swift in Sources */,
				F084FF262ACA8E0E00EAA963 /* ProfileFactory.swift in Sources */,
				F084FF1B2ACA3A7800EAA963 /* RootView.swift in Sources */,
				F084FF032ACA2B5D00EAA963 /* FeedView.swift in Sources */,
				F084FF112ACA2D9200EAA963 /* FeedItemView.swift in Sources */,
				F084FF2A2ACA8E4300EAA963 /* UserProfileViewModel.swift in Sources */,
				F084FF402ACA938A00EAA963 /* TextFieldModifier.swift in Sources */,
				F084FF282ACA8E2B00EAA963 /* UserProfileView.swift in Sources */,
				F084FF342ACA904D00EAA963 /* ProfileView.swift in Sources */,
				F084FF322ACA8F6200EAA963 /* CircularProfileImageView.swift in Sources */,
				F084FF2D2ACA8EE600EAA963 /* ProfileHeaderView.swift in Sources */,
				F084FF5D2ACAA3F900EAA963 /* ForgotViewModel.swift in Sources */,
				F084FF3E2ACA935A00EAA963 /* LoginView.swift in Sources */,
				F084FF552ACA98A100EAA963 /* AuthenticationManager.swift in Sources */,
				F084FF242ACA870700EAA963 /* DBUser.swift in Sources */,
				F084FF212ACA869500EAA963 /* EditProfileViewModel.swift in Sources */,
				F084FF1D2ACA3A8A00EAA963 /* TabBarView.swift in Sources */,
				F084FF462ACA93CE00EAA963 /* RegisterViewModel.swift in Sources */,
				F084FF2F2ACA8F1300EAA963 /* ProfileStatsView.swift in Sources */,
				F084FF362ACA907300EAA963 /* ProfileViewModel.swift in Sources */,
				F084FF5F2ACAA6B900EAA963 /* UpdatePasswordView.swift in Sources */,
				F084FF422ACA93AC00EAA963 /* LoginViewModel.swift in Sources */,
				F084FF012ACA2B5D00EAA963 /* portfolioApp.swift in Sources */,
			);
			runOnlyForDeploymentPostprocessing = 0;
		};
/* End PBXSourcesBuildPhase section */

/* Begin XCBuildConfiguration section */
		F084FF092ACA2B5F00EAA963 /* Debug */ = {
			isa = XCBuildConfiguration;
			buildSettings = {
				ALWAYS_SEARCH_USER_PATHS = NO;
				ASSETCATALOG_COMPILER_GENERATE_SWIFT_ASSET_SYMBOL_EXTENSIONS = YES;
				CLANG_ANALYZER_NONNULL = YES;
				CLANG_ANALYZER_NUMBER_OBJECT_CONVERSION = YES_AGGRESSIVE;
				CLANG_CXX_LANGUAGE_STANDARD = "gnu++20";
				CLANG_ENABLE_MODULES = YES;
				CLANG_ENABLE_OBJC_ARC = YES;
				CLANG_ENABLE_OBJC_WEAK = YES;
				CLANG_WARN_BLOCK_CAPTURE_AUTORELEASING = YES;
				CLANG_WARN_BOOL_CONVERSION = YES;
				CLANG_WARN_COMMA = YES;
				CLANG_WARN_CONSTANT_CONVERSION = YES;
				CLANG_WARN_DEPRECATED_OBJC_IMPLEMENTATIONS = YES;
				CLANG_WARN_DIRECT_OBJC_ISA_USAGE = YES_ERROR;
				CLANG_WARN_DOCUMENTATION_COMMENTS = YES;
				CLANG_WARN_EMPTY_BODY = YES;
				CLANG_WARN_ENUM_CONVERSION = YES;
				CLANG_WARN_INFINITE_RECURSION = YES;
				CLANG_WARN_INT_CONVERSION = YES;
				CLANG_WARN_NON_LITERAL_NULL_CONVERSION = YES;
				CLANG_WARN_OBJC_IMPLICIT_RETAIN_SELF = YES;
				CLANG_WARN_OBJC_LITERAL_CONVERSION = YES;
				CLANG_WARN_OBJC_ROOT_CLASS = YES_ERROR;
				CLANG_WARN_QUOTED_INCLUDE_IN_FRAMEWORK_HEADER = YES;
				CLANG_WARN_RANGE_LOOP_ANALYSIS = YES;
				CLANG_WARN_STRICT_PROTOTYPES = YES;
				CLANG_WARN_SUSPICIOUS_MOVE = YES;
				CLANG_WARN_UNGUARDED_AVAILABILITY = YES_AGGRESSIVE;
				CLANG_WARN_UNREACHABLE_CODE = YES;
				CLANG_WARN__DUPLICATE_METHOD_MATCH = YES;
				COPY_PHASE_STRIP = NO;
				DEBUG_INFORMATION_FORMAT = dwarf;
				ENABLE_STRICT_OBJC_MSGSEND = YES;
				ENABLE_TESTABILITY = YES;
				ENABLE_USER_SCRIPT_SANDBOXING = YES;
				GCC_C_LANGUAGE_STANDARD = gnu17;
				GCC_DYNAMIC_NO_PIC = NO;
				GCC_NO_COMMON_BLOCKS = YES;
				GCC_OPTIMIZATION_LEVEL = 0;
				GCC_PREPROCESSOR_DEFINITIONS = (
					"DEBUG=1",
					"$(inherited)",
				);
				GCC_WARN_64_TO_32_BIT_CONVERSION = YES;
				GCC_WARN_ABOUT_RETURN_TYPE = YES_ERROR;
				GCC_WARN_UNDECLARED_SELECTOR = YES;
				GCC_WARN_UNINITIALIZED_AUTOS = YES_AGGRESSIVE;
				GCC_WARN_UNUSED_FUNCTION = YES;
				GCC_WARN_UNUSED_VARIABLE = YES;
				IPHONEOS_DEPLOYMENT_TARGET = 17.0;
				LOCALIZATION_PREFERS_STRING_CATALOGS = YES;
				MTL_ENABLE_DEBUG_INFO = INCLUDE_SOURCE;
				MTL_FAST_MATH = YES;
				ONLY_ACTIVE_ARCH = YES;
				SDKROOT = iphoneos;
				SWIFT_ACTIVE_COMPILATION_CONDITIONS = "DEBUG $(inherited)";
				SWIFT_OPTIMIZATION_LEVEL = "-Onone";
			};
			name = Debug;
		};
		F084FF0A2ACA2B5F00EAA963 /* Release */ = {
			isa = XCBuildConfiguration;
			buildSettings = {
				ALWAYS_SEARCH_USER_PATHS = NO;
				ASSETCATALOG_COMPILER_GENERATE_SWIFT_ASSET_SYMBOL_EXTENSIONS = YES;
				CLANG_ANALYZER_NONNULL = YES;
				CLANG_ANALYZER_NUMBER_OBJECT_CONVERSION = YES_AGGRESSIVE;
				CLANG_CXX_LANGUAGE_STANDARD = "gnu++20";
				CLANG_ENABLE_MODULES = YES;
				CLANG_ENABLE_OBJC_ARC = YES;
				CLANG_ENABLE_OBJC_WEAK = YES;
				CLANG_WARN_BLOCK_CAPTURE_AUTORELEASING = YES;
				CLANG_WARN_BOOL_CONVERSION = YES;
				CLANG_WARN_COMMA = YES;
				CLANG_WARN_CONSTANT_CONVERSION = YES;
				CLANG_WARN_DEPRECATED_OBJC_IMPLEMENTATIONS = YES;
				CLANG_WARN_DIRECT_OBJC_ISA_USAGE = YES_ERROR;
				CLANG_WARN_DOCUMENTATION_COMMENTS = YES;
				CLANG_WARN_EMPTY_BODY = YES;
				CLANG_WARN_ENUM_CONVERSION = YES;
				CLANG_WARN_INFINITE_RECURSION = YES;
				CLANG_WARN_INT_CONVERSION = YES;
				CLANG_WARN_NON_LITERAL_NULL_CONVERSION = YES;
				CLANG_WARN_OBJC_IMPLICIT_RETAIN_SELF = YES;
				CLANG_WARN_OBJC_LITERAL_CONVERSION = YES;
				CLANG_WARN_OBJC_ROOT_CLASS = YES_ERROR;
				CLANG_WARN_QUOTED_INCLUDE_IN_FRAMEWORK_HEADER = YES;
				CLANG_WARN_RANGE_LOOP_ANALYSIS = YES;
				CLANG_WARN_STRICT_PROTOTYPES = YES;
				CLANG_WARN_SUSPICIOUS_MOVE = YES;
				CLANG_WARN_UNGUARDED_AVAILABILITY = YES_AGGRESSIVE;
				CLANG_WARN_UNREACHABLE_CODE = YES;
				CLANG_WARN__DUPLICATE_METHOD_MATCH = YES;
				COPY_PHASE_STRIP = NO;
				DEBUG_INFORMATION_FORMAT = "dwarf-with-dsym";
				ENABLE_NS_ASSERTIONS = NO;
				ENABLE_STRICT_OBJC_MSGSEND = YES;
				ENABLE_USER_SCRIPT_SANDBOXING = YES;
				GCC_C_LANGUAGE_STANDARD = gnu17;
				GCC_NO_COMMON_BLOCKS = YES;
				GCC_WARN_64_TO_32_BIT_CONVERSION = YES;
				GCC_WARN_ABOUT_RETURN_TYPE = YES_ERROR;
				GCC_WARN_UNDECLARED_SELECTOR = YES;
				GCC_WARN_UNINITIALIZED_AUTOS = YES_AGGRESSIVE;
				GCC_WARN_UNUSED_FUNCTION = YES;
				GCC_WARN_UNUSED_VARIABLE = YES;
				IPHONEOS_DEPLOYMENT_TARGET = 17.0;
				LOCALIZATION_PREFERS_STRING_CATALOGS = YES;
				MTL_ENABLE_DEBUG_INFO = NO;
				MTL_FAST_MATH = YES;
				SDKROOT = iphoneos;
				SWIFT_COMPILATION_MODE = wholemodule;
				VALIDATE_PRODUCT = YES;
			};
			name = Release;
		};
		F084FF0C2ACA2B5F00EAA963 /* Debug */ = {
			isa = XCBuildConfiguration;
			buildSettings = {
				ASSETCATALOG_COMPILER_APPICON_NAME = AppIcon;
				ASSETCATALOG_COMPILER_GLOBAL_ACCENT_COLOR_NAME = AccentColor;
				CODE_SIGN_STYLE = Automatic;
				CURRENT_PROJECT_VERSION = 1;
				DEVELOPMENT_ASSET_PATHS = "\"portfolio/Preview Content\"";
				DEVELOPMENT_TEAM = 4J25GM6FG4;
				ENABLE_PREVIEWS = YES;
				GENERATE_INFOPLIST_FILE = YES;
				INFOPLIST_KEY_UIApplicationSceneManifest_Generation = YES;
				INFOPLIST_KEY_UIApplicationSupportsIndirectInputEvents = YES;
				INFOPLIST_KEY_UILaunchScreen_Generation = YES;
				INFOPLIST_KEY_UISupportedInterfaceOrientations_iPad = "UIInterfaceOrientationPortrait UIInterfaceOrientationPortraitUpsideDown UIInterfaceOrientationLandscapeLeft UIInterfaceOrientationLandscapeRight";
				INFOPLIST_KEY_UISupportedInterfaceOrientations_iPhone = "UIInterfaceOrientationPortrait UIInterfaceOrientationLandscapeLeft UIInterfaceOrientationLandscapeRight";
				LD_RUNPATH_SEARCH_PATHS = (
					"$(inherited)",
					"@executable_path/Frameworks",
				);
				MARKETING_VERSION = 1.0;
				PRODUCT_BUNDLE_IDENTIFIER = ozgunaksoy.portfolio;
				PRODUCT_NAME = "$(TARGET_NAME)";
				SWIFT_EMIT_LOC_STRINGS = YES;
				SWIFT_VERSION = 5.0;
				TARGETED_DEVICE_FAMILY = "1,2";
			};
			name = Debug;
		};
		F084FF0D2ACA2B5F00EAA963 /* Release */ = {
			isa = XCBuildConfiguration;
			buildSettings = {
				ASSETCATALOG_COMPILER_APPICON_NAME = AppIcon;
				ASSETCATALOG_COMPILER_GLOBAL_ACCENT_COLOR_NAME = AccentColor;
				CODE_SIGN_STYLE = Automatic;
				CURRENT_PROJECT_VERSION = 1;
				DEVELOPMENT_ASSET_PATHS = "\"portfolio/Preview Content\"";
				DEVELOPMENT_TEAM = 4J25GM6FG4;
				ENABLE_PREVIEWS = YES;
				GENERATE_INFOPLIST_FILE = YES;
				INFOPLIST_KEY_UIApplicationSceneManifest_Generation = YES;
				INFOPLIST_KEY_UIApplicationSupportsIndirectInputEvents = YES;
				INFOPLIST_KEY_UILaunchScreen_Generation = YES;
				INFOPLIST_KEY_UISupportedInterfaceOrientations_iPad = "UIInterfaceOrientationPortrait UIInterfaceOrientationPortraitUpsideDown UIInterfaceOrientationLandscapeLeft UIInterfaceOrientationLandscapeRight";
				INFOPLIST_KEY_UISupportedInterfaceOrientations_iPhone = "UIInterfaceOrientationPortrait UIInterfaceOrientationLandscapeLeft UIInterfaceOrientationLandscapeRight";
				LD_RUNPATH_SEARCH_PATHS = (
					"$(inherited)",
					"@executable_path/Frameworks",
				);
				MARKETING_VERSION = 1.0;
				PRODUCT_BUNDLE_IDENTIFIER = ozgunaksoy.portfolio;
				PRODUCT_NAME = "$(TARGET_NAME)";
				SWIFT_EMIT_LOC_STRINGS = YES;
				SWIFT_VERSION = 5.0;
				TARGETED_DEVICE_FAMILY = "1,2";
			};
			name = Release;
		};
/* End XCBuildConfiguration section */

/* Begin XCConfigurationList section */
		F084FEF82ACA2B5D00EAA963 /* Build configuration list for PBXProject "portfolio" */ = {
			isa = XCConfigurationList;
			buildConfigurations = (
				F084FF092ACA2B5F00EAA963 /* Debug */,
				F084FF0A2ACA2B5F00EAA963 /* Release */,
			);
			defaultConfigurationIsVisible = 0;
			defaultConfigurationName = Release;
		};
		F084FF0B2ACA2B5F00EAA963 /* Build configuration list for PBXNativeTarget "portfolio" */ = {
			isa = XCConfigurationList;
			buildConfigurations = (
				F084FF0C2ACA2B5F00EAA963 /* Debug */,
				F084FF0D2ACA2B5F00EAA963 /* Release */,
			);
			defaultConfigurationIsVisible = 0;
			defaultConfigurationName = Release;
		};
/* End XCConfigurationList section */

/* Begin XCRemoteSwiftPackageReference section */
		F084FF122ACA2E6600EAA963 /* XCRemoteSwiftPackageReference "Kingfisher" */ = {
			isa = XCRemoteSwiftPackageReference;
			repositoryURL = "https://github.com/onevcat/Kingfisher.git";
			requirement = {
				kind = upToNextMajorVersion;
				minimumVersion = 7.9.1;
			};
		};
		F084FF472ACA982A00EAA963 /* XCRemoteSwiftPackageReference "firebase-ios-sdk" */ = {
			isa = XCRemoteSwiftPackageReference;
			repositoryURL = "https://github.com/firebase/firebase-ios-sdk";
			requirement = {
				kind = upToNextMajorVersion;
				minimumVersion = 10.15.0;
			};
		};
/* End XCRemoteSwiftPackageReference section */

/* Begin XCSwiftPackageProductDependency section */
		F084FF132ACA2E6600EAA963 /* Kingfisher */ = {
			isa = XCSwiftPackageProductDependency;
			package = F084FF122ACA2E6600EAA963 /* XCRemoteSwiftPackageReference "Kingfisher" */;
			productName = Kingfisher;
		};
		F084FF482ACA982A00EAA963 /* FirebaseAnalytics */ = {
			isa = XCSwiftPackageProductDependency;
			package = F084FF472ACA982A00EAA963 /* XCRemoteSwiftPackageReference "firebase-ios-sdk" */;
			productName = FirebaseAnalytics;
		};
		F084FF4A2ACA982A00EAA963 /* FirebaseAnalyticsOnDeviceConversion */ = {
			isa = XCSwiftPackageProductDependency;
			package = F084FF472ACA982A00EAA963 /* XCRemoteSwiftPackageReference "firebase-ios-sdk" */;
			productName = FirebaseAnalyticsOnDeviceConversion;
		};
		F084FF4C2ACA982A00EAA963 /* FirebaseAnalyticsSwift */ = {
			isa = XCSwiftPackageProductDependency;
			package = F084FF472ACA982A00EAA963 /* XCRemoteSwiftPackageReference "firebase-ios-sdk" */;
			productName = FirebaseAnalyticsSwift;
		};
		F084FF4E2ACA982A00EAA963 /* FirebaseAnalyticsWithoutAdIdSupport */ = {
			isa = XCSwiftPackageProductDependency;
			package = F084FF472ACA982A00EAA963 /* XCRemoteSwiftPackageReference "firebase-ios-sdk" */;
			productName = FirebaseAnalyticsWithoutAdIdSupport;
		};
		F084FF572ACA993100EAA963 /* FirebaseAuth */ = {
			isa = XCSwiftPackageProductDependency;
			package = F084FF472ACA982A00EAA963 /* XCRemoteSwiftPackageReference "firebase-ios-sdk" */;
			productName = FirebaseAuth;
		};
/* End XCSwiftPackageProductDependency section */
	};
	rootObject = F084FEF52ACA2B5D00EAA963 /* Project object */;
}
